{
  "version": "5",
  "specifiers": {
    "jsr:@std/assert@1": "1.0.19",
    "jsr:@std/internal@^1.0.12": "1.0.12",
    "npm:redis@^5.12.1": "5.12.1"
  },
  "jsr": {
    "@std/assert@1.0.19": {
      "integrity": "eaada96ee120cb980bc47e040f82814d786fe8162ecc53c91d8df60b8755991e",
      "dependencies": [
        "jsr:@std/internal"
      ]
    },
    "@std/internal@1.0.12": {
      "integrity": "972a634fd5bc34b242024402972cd5143eac68d8dffaca5eaa4dba30ce17b027"
    }
  },
  "npm": {
    "@redis/bloom@5.12.1_@redis+client@5.12.1": {
      "integrity": "sha512-PUUfv+ms7jgPSBVoo/DN4AkPHj4D5TZSd6SbJX7egzBplkYUcKmHRE8RKia7UtZ8bSQbLguLvxVO+asKtQfZWA==",
      "dependencies": [
        "@redis/client"
      ]
    },
    "@redis/client@5.12.1": {
      "integrity": "sha512-7aPGWeqA3uFm43o19umzdl16CEjK/JQGtSXVPevplTaOU3VJA/rseBC1QvYUz9lLDIMBimc4SW/zrW4S89BaCA==",
      "dependencies": [
        "cluster-key-slot"
      ]
    },
    "@redis/json@5.12.1_@redis+client@5.12.1": {
      "integrity": "sha512-eOze75esLve4vfqDel7aMX08CNaiLLQS2fV8mpRN9NxPe1rVR4vQyYiW/OgtGUysF6QOr9ANhfxABKNOJfXdKg==",
      "dependencies": [
        "@redis/client"
      ]
    },
    "@redis/search@5.12.1_@redis+client@5.12.1": {
      "integrity": "sha512-ItlxbxC9cKI6IU1TLWoczwJCRb6TdmkEpWv05UrPawqaAnWGRu3rcIqsc5vN483T2fSociuyV1UkWIL5I4//2w==",
      "dependencies": [
        "@redis/client"
      ]
    },
    "@redis/time-series@5.12.1_@redis+client@5.12.1": {
      "integrity": "sha512-c6JL6E3EcZJuNqKFz+KM+l9l5mpcQiKvTwgA3blt5glWJ8hjDk0yeHN3beE/MpqYIQ8UEX44ItQzgkE/gCBELQ==",
      "dependencies": [
        "@redis/client"
      ]
    },
    "cluster-key-slot@1.1.2": {
      "integrity": "sha512-RMr0FhtfXemyinomL4hrWcYJxmX6deFdCxpJzhDttxgO1+bcCnkk+9drydLVDmAMG7NE6aN/fl4F7ucU/90gAA=="
    },
    "redis@5.12.1": {
      "integrity": "sha512-LDsoVvb/CpoV9EN3FXvgvSHNJWuCIzl9MiO3ppOevuGLpSGJhwfQjpEwfFJcQvNSddHADDdZaWx0HnmMxRXG7g==",
      "dependencies": [
        "@redis/bloom",
        "@redis/client",
        "@redis/json",
        "@redis/search",
        "@redis/time-series"
      ]
    }
  },
  "workspace": {
    "dependencies": [
      "jsr:@std/assert@1",
      "npm:redis@^5.12.1"
    ]
  }
}
